
Microsoft Visual Studio Solution File, Format Version 12.00
# Visual Studio Version 17
VisualStudioVersion = 17.0.31903.59
MinimumVisualStudioVersion = 10.0.40219.1
Project("{2150E333-8FDC-42A3-9474-1A3956D46DE8}") = "src", "src", "{2B64D77A-6E6F-4909-BF46-E6626BE36309}"
EndProject
Project("{FAE04EC0-301F-11D3-BF4B-00C04F79EFBC}") = "AuctionService", "src\AuctionService\AuctionService.csproj", "{13ED0005-C803-4C95-8CE9-20D5103D09C5}"
EndProject
Project("{FAE04EC0-301F-11D3-BF4B-00C04F79EFBC}") = "SearchService", "src\SearchService\SearchService.csproj", "{C50DAF87-CD15-4589-A8E4-25CD40D91D4B}"
EndProject
Project("{FAE04EC0-301F-11D3-BF4B-00C04F79EFBC}") = "Contracts", "src\Contracts\Contracts.csproj", "{86FD8553-2DF0-4E3E-8A6F-B9F771CE0C8C}"
EndProject
Project("{FAE04EC0-301F-11D3-BF4B-00C04F79EFBC}") = "IdentityService", "src\IdentityService\IdentityService.csproj", "{7658BDA5-6B20-4CB3-90D1-A794ADE44815}"
EndProject
Global
	GlobalSection(SolutionConfigurationPlatforms) = preSolution
		Debug|Any CPU = Debug|Any CPU
		Release|Any CPU = Release|Any CPU
	EndGlobalSection
	GlobalSection(SolutionProperties) = preSolution
		HideSolutionNode = FALSE
	EndGlobalSection
	GlobalSection(ProjectConfigurationPlatforms) = postSolution
		{13ED0005-C803-4C95-8CE9-20D5103D09C5}.Debug|Any CPU.ActiveCfg = Debug|Any CPU
		{13ED0005-C803-4C95-8CE9-20D5103D09C5}.Debug|Any CPU.Build.0 = Debug|Any CPU
		{13ED0005-C803-4C95-8CE9-20D5103D09C5}.Release|Any CPU.ActiveCfg = Release|Any CPU
		{13ED0005-C803-4C95-8CE9-20D5103D09C5}.Release|Any CPU.Build.0 = Release|Any CPU
		{C50DAF87-CD15-4589-A8E4-25CD40D91D4B}.Debug|Any CPU.ActiveCfg = Debug|Any CPU
		{C50DAF87-CD15-4589-A8E4-25CD40D91D4B}.Debug|Any CPU.Build.0 = Debug|Any CPU
		{C50DAF87-CD15-4589-A8E4-25CD40D91D4B}.Release|Any CPU.ActiveCfg = Release|Any CPU
		{C50DAF87-CD15-4589-A8E4-25CD40D91D4B}.Release|Any CPU.Build.0 = Release|Any CPU
		{86FD8553-2DF0-4E3E-8A6F-B9F771CE0C8C}.Debug|Any CPU.ActiveCfg = Debug|Any CPU
		{86FD8553-2DF0-4E3E-8A6F-B9F771CE0C8C}.Debug|Any CPU.Build.0 = Debug|Any CPU
		{86FD8553-2DF0-4E3E-8A6F-B9F771CE0C8C}.Release|Any CPU.ActiveCfg = Release|Any CPU
		{86FD8553-2DF0-4E3E-8A6F-B9F771CE0C8C}.Release|Any CPU.Build.0 = Release|Any CPU
		{7658BDA5-6B20-4CB3-90D1-A794ADE44815}.Debug|Any CPU.ActiveCfg = Debug|Any CPU
		{7658BDA5-6B20-4CB3-90D1-A794ADE44815}.Debug|Any CPU.Build.0 = Debug|Any CPU
		{7658BDA5-6B20-4CB3-90D1-A794ADE44815}.Release|Any CPU.ActiveCfg = Release|Any CPU
		{7658BDA5-6B20-4CB3-90D1-A794ADE44815}.Release|Any CPU.Build.0 = Release|Any CPU
	EndGlobalSection
	GlobalSection(NestedProjects) = preSolution
		{13ED0005-C803-4C95-8CE9-20D5103D09C5} = {2B64D77A-6E6F-4909-BF46-E6626BE36309}
		{C50DAF87-CD15-4589-A8E4-25CD40D91D4B} = {2B64D77A-6E6F-4909-BF46-E6626BE36309}
		{86FD8553-2DF0-4E3E-8A6F-B9F771CE0C8C} = {2B64D77A-6E6F-4909-BF46-E6626BE36309}
		{7658BDA5-6B20-4CB3-90D1-A794ADE44815} = {2B64D77A-6E6F-4909-BF46-E6626BE36309}
	EndGlobalSection
EndGlobal
